// !$*UTF8*$!
{
	archiveVersion = 1;
	classes = {
	};
	objectVersion = 46;
	objects = {

/* Begin PBXBuildFile section */
		008A7F9C1EB625FC0082D3DB /* AppDelegate.swift in Sources */ = {isa = PBXBuildFile; fileRef = 008A7F9B1EB625FC0082D3DB /* AppDelegate.swift */; };
		008A7F9E1EB625FC0082D3DB /* ViewController.swift in Sources */ = {isa = PBXBuildFile; fileRef = 008A7F9D1EB625FC0082D3DB /* ViewController.swift */; };
		008A7FA11EB625FC0082D3DB /* Main.storyboard in Resources */ = {isa = PBXBuildFile; fileRef = 008A7F9F1EB625FC0082D3DB /* Main.storyboard */; };
		008A7FA41EB625FC0082D3DB /* Belajar_iOS.xcdatamodeld in Sources */ = {isa = PBXBuildFile; fileRef = 008A7FA21EB625FC0082D3DB /* Belajar_iOS.xcdatamodeld */; };
		008A7FA61EB625FC0082D3DB /* Assets.xcassets in Resources */ = {isa = PBXBuildFile; fileRef = 008A7FA51EB625FC0082D3DB /* Assets.xcassets */; };
		008A7FA91EB625FC0082D3DB /* LaunchScreen.storyboard in Resources */ = {isa = PBXBuildFile; fileRef = 008A7FA71EB625FC0082D3DB /* LaunchScreen.storyboard */; };
		008A7FB41EB625FD0082D3DB /* Belajar_iOSTests.swift in Sources */ = {isa = PBXBuildFile; fileRef = 008A7FB31EB625FD0082D3DB /* Belajar_iOSTests.swift */; };
		008A7FBF1EB625FD0082D3DB /* Belajar_iOSUITests.swift in Sources */ = {isa = PBXBuildFile; fileRef = 008A7FBE1EB625FD0082D3DB /* Belajar_iOSUITests.swift */; };
/* End PBXBuildFile section */

/* Begin PBXContainerItemProxy section */
		008A7FB01EB625FD0082D3DB /* PBXContainerItemProxy */ = {
			isa = PBXContainerItemProxy;
			containerPortal = 008A7F901EB625FC0082D3DB /* Project object */;
			proxyType = 1;
			remoteGlobalIDString = 008A7F971EB625FC0082D3DB;
			remoteInfo = "Belajar-iOS";
		};
		008A7FBB1EB625FD0082D3DB /* PBXContainerItemProxy */ = {
			isa = PBXContainerItemProxy;
			containerPortal = 008A7F901EB625FC0082D3DB /* Project object */;
			proxyType = 1;
			remoteGlobalIDString = 008A7F971EB625FC0082D3DB;
			remoteInfo = "Belajar-iOS";
		};
/* End PBXContainerItemProxy section */

/* Begin PBXFileReference section */
		008A7F981EB625FC0082D3DB /* Belajar-iOS.app */ = {isa = PBXFileReference; explicitFileType = wrapper.application; includeInIndex = 0; path = "Belajar-iOS.app"; sourceTree = BUILT_PRODUCTS_DIR; };
		008A7F9B1EB625FC0082D3DB /* AppDelegate.swift */ = {isa = PBXFileReference; lastKnownFileType = sourcecode.swift; path = AppDelegate.swift; sourceTree = "<group>"; };
		008A7F9D1EB625FC0082D3DB /* ViewController.swift */ = {isa = PBXFileReference; lastKnownFileType = sourcecode.swift; path = ViewController.swift; sourceTree = "<group>"; };
		008A7FA01EB625FC0082D3DB /* Base */ = {isa = PBXFileReference; lastKnownFileType = file.storyboard; name = Base; path = Base.lproj/Main.storyboard; sourceTree = "<group>"; };
		008A7FA31EB625FC0082D3DB /* Belajar_iOS.xcdatamodel */ = {isa = PBXFileReference; lastKnownFileType = wrapper.xcdatamodel; path = Belajar_iOS.xcdatamodel; sourceTree = "<group>"; };
		008A7FA51EB625FC0082D3DB /* Assets.xcassets */ = {isa = PBXFileReference; lastKnownFileType = folder.assetcatalog; path = Assets.xcassets; sourceTree = "<group>"; };
		008A7FA81EB625FC0082D3DB /* Base */ = {isa = PBXFileReference; lastKnownFileType = file.storyboard; name = Base; path = Base.lproj/LaunchScreen.storyboard; sourceTree = "<group>"; };
		008A7FAA1EB625FC0082D3DB /* Info.plist */ = {isa = PBXFileReference; lastKnownFileType = text.plist.xml; path = Info.plist; sourceTree = "<group>"; };
		008A7FAF1EB625FD0082D3DB /* Belajar-iOSTests.xctest */ = {isa = PBXFileReference; explicitFileType = wrapper.cfbundle; includeInIndex = 0; path = "Belajar-iOSTests.xctest"; sourceTree = BUILT_PRODUCTS_DIR; };
		008A7FB31EB625FD0082D3DB /* Belajar_iOSTests.swift */ = {isa = PBXFileReference; lastKnownFileType = sourcecode.swift; path = Belajar_iOSTests.swift; sourceTree = "<group>"; };
		008A7FB51EB625FD0082D3DB /* Info.plist */ = {isa = PBXFileReference; lastKnownFileType = text.plist.xml; path = Info.plist; sourceTree = "<group>"; };
		008A7FBA1EB625FD0082D3DB /* Belajar-iOSUITests.xctest */ = {isa = PBXFileReference; explicitFileType = wrapper.cfbundle; includeInIndex = 0; path = "Belajar-iOSUITests.xctest"; sourceTree = BUILT_PRODUCTS_DIR; };
		008A7FBE1EB625FD0082D3DB /* Belajar_iOSUITests.swift */ = {isa = PBXFileReference; lastKnownFileType = sourcecode.swift; path = Belajar_iOSUITests.swift; sourceTree = "<group>"; };
		008A7FC01EB625FD0082D3DB /* Info.plist */ = {isa = PBXFileReference; lastKnownFileType = text.plist.xml; path = Info.plist; sourceTree = "<group>"; };
/* End PBXFileReference section */

/* Begin PBXFrameworksBuildPhase section */
		008A7F951EB625FC0082D3DB /* Frameworks */ = {
			isa = PBXFrameworksBuildPhase;
			buildActionMask = 2147483647;
			files = (
			);
			runOnlyForDeploymentPostprocessing = 0;
		};
		008A7FAC1EB625FD0082D3DB /* Frameworks */ = {
			isa = PBXFrameworksBuildPhase;
			buildActionMask = 2147483647;
			files = (
			);
			runOnlyForDeploymentPostprocessing = 0;
		};
		008A7FB71EB625FD0082D3DB /* Frameworks */ = {
			isa = PBXFrameworksBuildPhase;
			buildActionMask = 2147483647;
			files = (
			);
			runOnlyForDeploymentPostprocessing = 0;
		};
/* End PBXFrameworksBuildPhase section */

/* Begin PBXGroup section */
		008A7F8F1EB625FC0082D3DB = {
			isa = PBXGroup;
			children = (
				008A7F9A1EB625FC0082D3DB /* Belajar-iOS */,
				008A7FB21EB625FD0082D3DB /* Belajar-iOSTests */,
				008A7FBD1EB625FD0082D3DB /* Belajar-iOSUITests */,
				008A7F991EB625FC0082D3DB /* Products */,
			);
			sourceTree = "<group>";
		};
		008A7F991EB625FC0082D3DB /* Products */ = {
			isa = PBXGroup;
			children = (
				008A7F981EB625FC0082D3DB /* Belajar-iOS.app */,
				008A7FAF1EB625FD0082D3DB /* Belajar-iOSTests.xctest */,
				008A7FBA1EB625FD0082D3DB /* Belajar-iOSUITests.xctest */,
			);
			name = Products;
			sourceTree = "<group>";
		};
		008A7F9A1EB625FC0082D3DB /* Belajar-iOS */ = {
			isa = PBXGroup;
			children = (
				008A7F9B1EB625FC0082D3DB /* AppDelegate.swift */,
				008A7F9D1EB625FC0082D3DB /* ViewController.swift */,
				008A7F9F1EB625FC0082D3DB /* Main.storyboard */,
				008A7FA51EB625FC0082D3DB /* Assets.xcassets */,
				008A7FA71EB625FC0082D3DB /* LaunchScreen.storyboard */,
				008A7FAA1EB625FC0082D3DB /* Info.plist */,
				008A7FA21EB625FC0082D3DB /* Belajar_iOS.xcdatamodeld */,
			);
			path = "Belajar-iOS";
			sourceTree = "<group>";
		};
		008A7FB21EB625FD0082D3DB /* Belajar-iOSTests */ = {
			isa = PBXGroup;
			children = (
				008A7FB31EB625FD0082D3DB /* Belajar_iOSTests.swift */,
				008A7FB51EB625FD0082D3DB /* Info.plist */,
			);
			path = "Belajar-iOSTests";
			sourceTree = "<group>";
		};
		008A7FBD1EB625FD0082D3DB /* Belajar-iOSUITests */ = {
			isa = PBXGroup;
			children = (
				008A7FBE1EB625FD0082D3DB /* Belajar_iOSUITests.swift */,
				008A7FC01EB625FD0082D3DB /* Info.plist */,
			);
			path = "Belajar-iOSUITests";
			sourceTree = "<group>";
		};
/* End PBXGroup section */

/* Begin PBXNativeTarget section */
		008A7F971EB625FC0082D3DB /* Belajar-iOS */ = {
			isa = PBXNativeTarget;
			buildConfigurationList = 008A7FC31EB625FD0082D3DB /* Build configuration list for PBXNativeTarget "Belajar-iOS" */;
			buildPhases = (
				008A7F941EB625FC0082D3DB /* Sources */,
				008A7F951EB625FC0082D3DB /* Frameworks */,
				008A7F961EB625FC0082D3DB /* Resources */,
			);
			buildRules = (
			);
			dependencies = (
			);
			name = "Belajar-iOS";
			productName = "Belajar-iOS";
			productReference = 008A7F981EB625FC0082D3DB /* Belajar-iOS.app */;
			productType = "com.apple.product-type.application";
		};
		008A7FAE1EB625FD0082D3DB /* Belajar-iOSTests */ = {
			isa = PBXNativeTarget;
			buildConfigurationList = 008A7FC61EB625FD0082D3DB /* Build configuration list for PBXNativeTarget "Belajar-iOSTests" */;
			buildPhases = (
				008A7FAB1EB625FD0082D3DB /* Sources */,
				008A7FAC1EB625FD0082D3DB /* Frameworks */,
				008A7FAD1EB625FD0082D3DB /* Resources */,
			);
			buildRules = (
			);
			dependencies = (
				008A7FB11EB625FD0082D3DB /* PBXTargetDependency */,
			);
			name = "Belajar-iOSTests";
			productName = "Belajar-iOSTests";
			productReference = 008A7FAF1EB625FD0082D3DB /* Belajar-iOSTests.xctest */;
			productType = "com.apple.product-type.bundle.unit-test";
		};
		008A7FB91EB625FD0082D3DB /* Belajar-iOSUITests */ = {
			isa = PBXNativeTarget;
			buildConfigurationList = 008A7FC91EB625FD0082D3DB /* Build configuration list for PBXNativeTarget "Belajar-iOSUITests" */;
			buildPhases = (
				008A7FB61EB625FD0082D3DB /* Sources */,
				008A7FB71EB625FD0082D3DB /* Frameworks */,
				008A7FB81EB625FD0082D3DB /* Resources */,
			);
			buildRules = (
			);
			dependencies = (
				008A7FBC1EB625FD0082D3DB /* PBXTargetDependency */,
			);
			name = "Belajar-iOSUITests";
			productName = "Belajar-iOSUITests";
			productReference = 008A7FBA1EB625FD0082D3DB /* Belajar-iOSUITests.xctest */;
			productType = "com.apple.product-type.bundle.ui-testing";
		};
/* End PBXNativeTarget section */

/* Begin PBXProject section */
		008A7F901EB625FC0082D3DB /* Project object */ = {
			isa = PBXProject;
			attributes = {
				LastSwiftUpdateCheck = 0830;
				LastUpgradeCheck = 0830;
				ORGANIZATIONNAME = "rizki mufrizal";
				TargetAttributes = {
					008A7F971EB625FC0082D3DB = {
						CreatedOnToolsVersion = 8.3.2;
						DevelopmentTeam = LAJGT59W97;
						ProvisioningStyle = Automatic;
					};
					008A7FAE1EB625FD0082D3DB = {
						CreatedOnToolsVersion = 8.3.2;
						DevelopmentTeam = LAJGT59W97;
						ProvisioningStyle = Automatic;
						TestTargetID = 008A7F971EB625FC0082D3DB;
					};
					008A7FB91EB625FD0082D3DB = {
						CreatedOnToolsVersion = 8.3.2;
						DevelopmentTeam = LAJGT59W97;
						ProvisioningStyle = Automatic;
						TestTargetID = 008A7F971EB625FC0082D3DB;
					};
				};
			};
			buildConfigurationList = 008A7F931EB625FC0082D3DB /* Build configuration list for PBXProject "Belajar-iOS" */;
			compatibilityVersion = "Xcode 3.2";
			developmentRegion = English;
			hasScannedForEncodings = 0;
			knownRegions = (
				en,
				Base,
			);
			mainGroup = 008A7F8F1EB625FC0082D3DB;
			productRefGroup = 008A7F991EB625FC0082D3DB /* Products */;
			projectDirPath = "";
			projectRoot = "";
			targets = (
				008A7F971EB625FC0082D3DB /* Belajar-iOS */,
				008A7FAE1EB625FD0082D3DB /* Belajar-iOSTests */,
				008A7FB91EB625FD0082D3DB /* Belajar-iOSUITests */,
			);
		};
/* End PBXProject section */

/* Begin PBXResourcesBuildPhase section */
		008A7F961EB625FC0082D3DB /* Resources */ = {
			isa = PBXResourcesBuildPhase;
			buildActionMask = 2147483647;
			files = (
				008A7FA91EB625FC0082D3DB /* LaunchScreen.storyboard in Resources */,
				008A7FA61EB625FC0082D3DB /* Assets.xcassets in Resources */,
				008A7FA11EB625FC0082D3DB /* Main.storyboard in Resources */,
			);
			runOnlyForDeploymentPostprocessing = 0;
		};
		008A7FAD1EB625FD0082D3DB /* Resources */ = {
			isa = PBXResourcesBuildPhase;
			buildActionMask = 2147483647;
			files = (
			);
			runOnlyForDeploymentPostprocessing = 0;
		};
		008A7FB81EB625FD0082D3DB /* Resources */ = {
			isa = PBXResourcesBuildPhase;
			buildActionMask = 2147483647;
			files = (
			);
			runOnlyForDeploymentPostprocessing = 0;
		};
/* End PBXResourcesBuildPhase section */

/* Begin PBXSourcesBuildPhase section */
		008A7F941EB625FC0082D3DB /* Sources */ = {
			isa = PBXSourcesBuildPhase;
			buildActionMask = 2147483647;
			files = (
				008A7FA41EB625FC0082D3DB /* Belajar_iOS.xcdatamodeld in Sources */,
				008A7F9E1EB625FC0082D3DB /* ViewController.swift in Sources */,
				008A7F9C1EB625FC0082D3DB /* AppDelegate.swift in Sources */,
			);
			runOnlyForDeploymentPostprocessing = 0;
		};
		008A7FAB1EB625FD0082D3DB /* Sources */ = {
			isa = PBXSourcesBuildPhase;
			buildActionMask = 2147483647;
			files = (
				008A7FB41EB625FD0082D3DB /* Belajar_iOSTests.swift in Sources */,
			);
			runOnlyForDeploymentPostprocessing = 0;
		};
		008A7FB61EB625FD0082D3DB /* Sources */ = {
			isa = PBXSourcesBuildPhase;
			buildActionMask = 2147483647;
			files = (
				008A7FBF1EB625FD0082D3DB /* Belajar_iOSUITests.swift in Sources */,
			);
			runOnlyForDeploymentPostprocessing = 0;
		};
/* End PBXSourcesBuildPhase section */

/* Begin PBXTargetDependency section */
		008A7FB11EB625FD0082D3DB /* PBXTargetDependency */ = {
			isa = PBXTargetDependency;
			target = 008A7F971EB625FC0082D3DB /* Belajar-iOS */;
			targetProxy = 008A7FB01EB625FD0082D3DB /* PBXContainerItemProxy */;
		};
		008A7FBC1EB625FD0082D3DB /* PBXTargetDependency */ = {
			isa = PBXTargetDependency;
			target = 008A7F971EB625FC0082D3DB /* Belajar-iOS */;
			targetProxy = 008A7FBB1EB625FD0082D3DB /* PBXContainerItemProxy */;
		};
/* End PBXTargetDependency section */

/* Begin PBXVariantGroup section */
		008A7F9F1EB625FC0082D3DB /* Main.storyboard */ = {
			isa = PBXVariantGroup;
			children = (
				008A7FA01EB625FC0082D3DB /* Base */,
			);
			name = Main.storyboard;
			sourceTree = "<group>";
		};
		008A7FA71EB625FC0082D3DB /* LaunchScreen.storyboard */ = {
			isa = PBXVariantGroup;
			children = (
				008A7FA81EB625FC0082D3DB /* Base */,
			);
			name = LaunchScreen.storyboard;
			sourceTree = "<group>";
		};
/* End PBXVariantGroup section */

/* Begin XCBuildConfiguration section */
		008A7FC11EB625FD0082D3DB /* Debug */ = {
			isa = XCBuildConfiguration;
			buildSettings = {
				ALWAYS_SEARCH_USER_PATHS = NO;
				CLANG_ANALYZER_NONNULL = YES;
				CLANG_ANALYZER_NUMBER_OBJECT_CONVERSION = YES_AGGRESSIVE;
				CLANG_CXX_LANGUAGE_STANDARD = "gnu++0x";
				CLANG_CXX_LIBRARY = "libc++";
				CLANG_ENABLE_MODULES = YES;
				CLANG_ENABLE_OBJC_ARC = YES;
				CLANG_WARN_BOOL_CONVERSION = YES;
				CLANG_WARN_CONSTANT_CONVERSION = YES;
				CLANG_WARN_DIRECT_OBJC_ISA_USAGE = YES_ERROR;
				CLANG_WARN_DOCUMENTATION_COMMENTS = YES;
				CLANG_WARN_EMPTY_BODY = YES;
				CLANG_WARN_ENUM_CONVERSION = YES;
				CLANG_WARN_INFINITE_RECURSION = YES;
				CLANG_WARN_INT_CONVERSION = YES;
				CLANG_WARN_OBJC_ROOT_CLASS = YES_ERROR;
				CLANG_WARN_SUSPICIOUS_MOVE = YES;
				CLANG_WARN_UNREACHABLE_CODE = YES;
				CLANG_WARN__DUPLICATE_METHOD_MATCH = YES;
				"CODE_SIGN_IDENTITY[sdk=iphoneos*]" = "iPhone Developer";
				COPY_PHASE_STRIP = NO;
				DEBUG_INFORMATION_FORMAT = dwarf;
				ENABLE_STRICT_OBJC_MSGSEND = YES;
				ENABLE_TESTABILITY = YES;
				GCC_C_LANGUAGE_STANDARD = gnu99;
				GCC_DYNAMIC_NO_PIC = NO;
				GCC_NO_COMMON_BLOCKS = YES;
				GCC_OPTIMIZATION_LEVEL = 0;
				GCC_PREPROCESSOR_DEFINITIONS = (
					"DEBUG=1",
					"$(inherited)",
				);
				GCC_WARN_64_TO_32_BIT_CONVERSION = YES;
				GCC_WARN_ABOUT_RETURN_TYPE = YES_ERROR;
				GCC_WARN_UNDECLARED_SELECTOR = YES;
				GCC_WARN_UNINITIALIZED_AUTOS = YES_AGGRESSIVE;
				GCC_WARN_UNUSED_FUNCTION = YES;
				GCC_WARN_UNUSED_VARIABLE = YES;
				IPHONEOS_DEPLOYMENT_TARGET = 10.3;
				MTL_ENABLE_DEBUG_INFO = YES;
				ONLY_ACTIVE_ARCH = YES;
				SDKROOT = iphoneos;
				SWIFT_ACTIVE_COMPILATION_CONDITIONS = DEBUG;
				SWIFT_OPTIMIZATION_LEVEL = "-Onone";
				TARGETED_DEVICE_FAMILY = "1,2";
			};
			name = Debug;
		};
		008A7FC21EB625FD0082D3DB /* Release */ = {
			isa = XCBuildConfiguration;
			buildSettings = {
				ALWAYS_SEARCH_USER_PATHS = NO;
				CLANG_ANALYZER_NONNULL = YES;
				CLANG_ANALYZER_NUMBER_OBJECT_CONVERSION = YES_AGGRESSIVE;
				CLANG_CXX_LANGUAGE_STANDARD = "gnu++0x";
				CLANG_CXX_LIBRARY = "libc++";
				CLANG_ENABLE_MODULES = YES;
				CLANG_ENABLE_OBJC_ARC = YES;
				CLANG_WARN_BOOL_CONVERSION = YES;
				CLANG_WARN_CONSTANT_CONVERSION = YES;
				CLANG_WARN_DIRECT_OBJC_ISA_USAGE = YES_ERROR;
				CLANG_WARN_DOCUMENTATION_COMMENTS = YES;
				CLANG_WARN_EMPTY_BODY = YES;
				CLANG_WARN_ENUM_CONVERSION = YES;
				CLANG_WARN_INFINITE_RECURSION = YES;
				CLANG_WARN_INT_CONVERSION = YES;
				CLANG_WARN_OBJC_ROOT_CLASS = YES_ERROR;
				CLANG_WARN_SUSPICIOUS_MOVE = YES;
				CLANG_WARN_UNREACHABLE_CODE = YES;
				CLANG_WARN__DUPLICATE_METHOD_MATCH = YES;
				"CODE_SIGN_IDENTITY[sdk=iphoneos*]" = "iPhone Developer";
				COPY_PHASE_STRIP = NO;
				DEBUG_INFORMATION_FORMAT = "dwarf-with-dsym";
				ENABLE_NS_ASSERTIONS = NO;
				ENABLE_STRICT_OBJC_MSGSEND = YES;
				GCC_C_LANGUAGE_STANDARD = gnu99;
				GCC_NO_COMMON_BLOCKS = YES;
				GCC_WARN_64_TO_32_BIT_CONVERSION = YES;
				GCC_WARN_ABOUT_RETURN_TYPE = YES_ERROR;
				GCC_WARN_UNDECLARED_SELECTOR = YES;
				GCC_WARN_UNINITIALIZED_AUTOS = YES_AGGRESSIVE;
				GCC_WARN_UNUSED_FUNCTION = YES;
				GCC_WARN_UNUSED_VARIABLE = YES;
				IPHONEOS_DEPLOYMENT_TARGET = 10.3;
				MTL_ENABLE_DEBUG_INFO = NO;
				SDKROOT = iphoneos;
				SWIFT_OPTIMIZATION_LEVEL = "-Owholemodule";
				TARGETED_DEVICE_FAMILY = "1,2";
				VALIDATE_PRODUCT = YES;
			};
			name = Release;
		};
		008A7FC41EB625FD0082D3DB /* Debug */ = {
			isa = XCBuildConfiguration;
			buildSettings = {
				ASSETCATALOG_COMPILER_APPICON_NAME = AppIcon;
				DEVELOPMENT_TEAM = LAJGT59W97;
				INFOPLIST_FILE = "Belajar-iOS/Info.plist";
				LD_RUNPATH_SEARCH_PATHS = "$(inherited) @executable_path/Frameworks";
				PRODUCT_BUNDLE_IDENTIFIER = "com.rizki.mufrizal.Belajar-iOS";
				PRODUCT_NAME = "$(TARGET_NAME)";
				SWIFT_VERSION = 3.0;
			};
			name = Debug;
		};
		008A7FC51EB625FD0082D3DB /* Release */ = {
			isa = XCBuildConfiguration;
			buildSettings = {
				ASSETCATALOG_COMPILER_APPICON_NAME = AppIcon;
				DEVELOPMENT_TEAM = LAJGT59W97;
				INFOPLIST_FILE = "Belajar-iOS/Info.plist";
				LD_RUNPATH_SEARCH_PATHS = "$(inherited) @executable_path/Frameworks";
				PRODUCT_BUNDLE_IDENTIFIER = "com.rizki.mufrizal.Belajar-iOS";
				PRODUCT_NAME = "$(TARGET_NAME)";
				SWIFT_VERSION = 3.0;
			};
			name = Release;
		};
		008A7FC71EB625FD0082D3DB /* Debug */ = {
			isa = XCBuildConfiguration;
			buildSettings = {
				ALWAYS_EMBED_SWIFT_STANDARD_LIBRARIES = YES;
				BUNDLE_LOADER = "$(TEST_HOST)";
				DEVELOPMENT_TEAM = LAJGT59W97;
				INFOPLIST_FILE = "Belajar-iOSTests/Info.plist";
				LD_RUNPATH_SEARCH_PATHS = "$(inherited) @executable_path/Frameworks @loader_path/Frameworks";
				PRODUCT_BUNDLE_IDENTIFIER = "com.rizki.mufrizal.Belajar-iOSTests";
				PRODUCT_NAME = "$(TARGET_NAME)";
				SWIFT_VERSION = 3.0;
				TEST_HOST = "$(BUILT_PRODUCTS_DIR)/Belajar-iOS.app/Belajar-iOS";
			};
			name = Debug;
		};
		008A7FC81EB625FD0082D3DB /* Release */ = {
			isa = XCBuildConfiguration;
			buildSettings = {
				ALWAYS_EMBED_SWIFT_STANDARD_LIBRARIES = YES;
				BUNDLE_LOADER = "$(TEST_HOST)";
				DEVELOPMENT_TEAM = LAJGT59W97;
				INFOPLIST_FILE = "Belajar-iOSTests/Info.plist";
				LD_RUNPATH_SEARCH_PATHS = "$(inherited) @executable_path/Frameworks @loader_path/Frameworks";
				PRODUCT_BUNDLE_IDENTIFIER = "com.rizki.mufrizal.Belajar-iOSTests";
				PRODUCT_NAME = "$(TARGET_NAME)";
				SWIFT_VERSION = 3.0;
				TEST_HOST = "$(BUILT_PRODUCTS_DIR)/Belajar-iOS.app/Belajar-iOS";
			};
			name = Release;
		};
		008A7FCA1EB625FD0082D3DB /* Debug */ = {
			isa = XCBuildConfiguration;
			buildSettings = {
				ALWAYS_EMBED_SWIFT_STANDARD_LIBRARIES = YES;
				DEVELOPMENT_TEAM = LAJGT59W97;
				INFOPLIST_FILE = "Belajar-iOSUITests/Info.plist";
				LD_RUNPATH_SEARCH_PATHS = "$(inherited) @executable_path/Frameworks @loader_path/Frameworks";
				PRODUCT_BUNDLE_IDENTIFIER = "com.rizki.mufrizal.Belajar-iOSUITests";
				PRODUCT_NAME = "$(TARGET_NAME)";
				SWIFT_VERSION = 3.0;
				TEST_TARGET_NAME = "Belajar-iOS";
			};
			name = Debug;
		};
		008A7FCB1EB625FD0082D3DB /* Release */ = {
			isa = XCBuildConfiguration;
			buildSettings = {
				ALWAYS_EMBED_SWIFT_STANDARD_LIBRARIES = YES;
				DEVELOPMENT_TEAM = LAJGT59W97;
				INFOPLIST_FILE = "Belajar-iOSUITests/Info.plist";
				LD_RUNPATH_SEARCH_PATHS = "$(inherited) @executable_path/Frameworks @loader_path/Frameworks";
				PRODUCT_BUNDLE_IDENTIFIER = "com.rizki.mufrizal.Belajar-iOSUITests";
				PRODUCT_NAME = "$(TARGET_NAME)";
				SWIFT_VERSION = 3.0;
				TEST_TARGET_NAME = "Belajar-iOS";
			};
			name = Release;
		};
/* End XCBuildConfiguration section */

/* Begin XCConfigurationList section */
		008A7F931EB625FC0082D3DB /* Build configuration list for PBXProject "Belajar-iOS" */ = {
			isa = XCConfigurationList;
			buildConfigurations = (
				008A7FC11EB625FD0082D3DB /* Debug */,
				008A7FC21EB625FD0082D3DB /* Release */,
			);
			defaultConfigurationIsVisible = 0;
			defaultConfigurationName = Release;
		};
		008A7FC31EB625FD0082D3DB /* Build configuration list for PBXNativeTarget "Belajar-iOS" */ = {
			isa = XCConfigurationList;
			buildConfigurations = (
				008A7FC41EB625FD0082D3DB /* Debug */,
				008A7FC51EB625FD0082D3DB /* Release */,
			);
			defaultConfigurationIsVisible = 0;
		};
		008A7FC61EB625FD0082D3DB /* Build configuration list for PBXNativeTarget "Belajar-iOSTests" */ = {
			isa = XCConfigurationList;
			buildConfigurations = (
				008A7FC71EB625FD0082D3DB /* Debug */,
				008A7FC81EB625FD0082D3DB /* Release */,
			);
			defaultConfigurationIsVisible = 0;
		};
		008A7FC91EB625FD0082D3DB /* Build configuration list for PBXNativeTarget "Belajar-iOSUITests" */ = {
			isa = XCConfigurationList;
			buildConfigurations = (
				008A7FCA1EB625FD0082D3DB /* Debug */,
				008A7FCB1EB625FD0082D3DB /* Release */,
			);
			defaultConfigurationIsVisible = 0;
		};
/* End XCConfigurationList section */

/* Begin XCVersionGroup section */
		008A7FA21EB625FC0082D3DB /* Belajar_iOS.xcdatamodeld */ = {
			isa = XCVersionGroup;
			children = (
				008A7FA31EB625FC0082D3DB /* Belajar_iOS.xcdatamodel */,
			);
			currentVersion = 008A7FA31EB625FC0082D3DB /* Belajar_iOS.xcdatamodel */;
			path = Belajar_iOS.xcdatamodeld;
			sourceTree = "<group>";
			versionGroupType = wrapper.xcdatamodel;
		};
/* End XCVersionGroup section */
	};
	rootObject = 008A7F901EB625FC0082D3DB /* Project object */;
}
