// !$*UTF8*$!
{
	archiveVersion = 1;
	classes = {
	};
	objectVersion = 46;
	objects = {

/* Begin PBXBuildFile section */
		0004D7871EB62A4E0022D68A /* TrackResponse.swift in Sources */ = {isa = PBXBuildFile; fileRef = 0004D7861EB62A4E0022D68A /* TrackResponse.swift */; };
		0004D7CA1EB63D3E0022D68A /* TrackTableViewCell.swift in Sources */ = {isa = PBXBuildFile; fileRef = 0004D7C81EB63D3E0022D68A /* TrackTableViewCell.swift */; };
		0004D7CB1EB63D3E0022D68A /* TrackTableViewCell.xib in Resources */ = {isa = PBXBuildFile; fileRef = 0004D7C91EB63D3E0022D68A /* TrackTableViewCell.xib */; };
		0004D7CE1EB64E240022D68A /* TrackService.swift in Sources */ = {isa = PBXBuildFile; fileRef = 0004D7CD1EB64E240022D68A /* TrackService.swift */; };
		0004D7D11EB650E00022D68A /* ConvertString.swift in Sources */ = {isa = PBXBuildFile; fileRef = 0004D7D01EB650E00022D68A /* ConvertString.swift */; };
		008A7F9C1EB625FC0082D3DB /* AppDelegate.swift in Sources */ = {isa = PBXBuildFile; fileRef = 008A7F9B1EB625FC0082D3DB /* AppDelegate.swift */; };
		008A7F9E1EB625FC0082D3DB /* ViewController.swift in Sources */ = {isa = PBXBuildFile; fileRef = 008A7F9D1EB625FC0082D3DB /* ViewController.swift */; };
		008A7FA11EB625FC0082D3DB /* Main.storyboard in Resources */ = {isa = PBXBuildFile; fileRef = 008A7F9F1EB625FC0082D3DB /* Main.storyboard */; };
		008A7FA41EB625FC0082D3DB /* Belajar_iOS.xcdatamodeld in Sources */ = {isa = PBXBuildFile; fileRef = 008A7FA21EB625FC0082D3DB /* Belajar_iOS.xcdatamodeld */; };
		008A7FA61EB625FC0082D3DB /* Assets.xcassets in Resources */ = {isa = PBXBuildFile; fileRef = 008A7FA51EB625FC0082D3DB /* Assets.xcassets */; };
		008A7FA91EB625FC0082D3DB /* LaunchScreen.storyboard in Resources */ = {isa = PBXBuildFile; fileRef = 008A7FA71EB625FC0082D3DB /* LaunchScreen.storyboard */; };
		008A7FB41EB625FD0082D3DB /* Belajar_iOSTests.swift in Sources */ = {isa = PBXBuildFile; fileRef = 008A7FB31EB625FD0082D3DB /* Belajar_iOSTests.swift */; };
		008A7FBF1EB625FD0082D3DB /* Belajar_iOSUITests.swift in Sources */ = {isa = PBXBuildFile; fileRef = 008A7FBE1EB625FD0082D3DB /* Belajar_iOSUITests.swift */; };
		5FCC7965F4552A500B079092 /* Pods_Belajar_iOS.framework in Frameworks */ = {isa = PBXBuildFile; fileRef = 7055119C787BEE17930E666E /* Pods_Belajar_iOS.framework */; };
		7411A42D4ABB94E9890DE339 /* Pods_Belajar_iOSTests.framework in Frameworks */ = {isa = PBXBuildFile; fileRef = 13E8C7DF207FA6B3E5476FCB /* Pods_Belajar_iOSTests.framework */; };
		985E4EFB082D3DD3C8ACDFDA /* Pods_Belajar_iOSUITests.framework in Frameworks */ = {isa = PBXBuildFile; fileRef = 886F339EEDE48E192E52F0B6 /* Pods_Belajar_iOSUITests.framework */; };
/* End PBXBuildFile section */

/* Begin PBXContainerItemProxy section */
		008A7FB01EB625FD0082D3DB /* PBXContainerItemProxy */ = {
			isa = PBXContainerItemProxy;
			containerPortal = 008A7F901EB625FC0082D3DB /* Project object */;
			proxyType = 1;
			remoteGlobalIDString = 008A7F971EB625FC0082D3DB;
			remoteInfo = "Belajar-iOS";
		};
		008A7FBB1EB625FD0082D3DB /* PBXContainerItemProxy */ = {
			isa = PBXContainerItemProxy;
			containerPortal = 008A7F901EB625FC0082D3DB /* Project object */;
			proxyType = 1;
			remoteGlobalIDString = 008A7F971EB625FC0082D3DB;
			remoteInfo = "Belajar-iOS";
		};
/* End PBXContainerItemProxy section */

/* Begin PBXFileReference section */
		0004D7861EB62A4E0022D68A /* TrackResponse.swift */ = {isa = PBXFileReference; fileEncoding = 4; lastKnownFileType = sourcecode.swift; name = TrackResponse.swift; path = models/TrackResponse.swift; sourceTree = "<group>"; };
		0004D7C81EB63D3E0022D68A /* TrackTableViewCell.swift */ = {isa = PBXFileReference; fileEncoding = 4; lastKnownFileType = sourcecode.swift; name = TrackTableViewCell.swift; path = views/TrackTableViewCell.swift; sourceTree = "<group>"; };
		0004D7C91EB63D3E0022D68A /* TrackTableViewCell.xib */ = {isa = PBXFileReference; fileEncoding = 4; lastKnownFileType = file.xib; name = TrackTableViewCell.xib; path = views/TrackTableViewCell.xib; sourceTree = "<group>"; };
		0004D7CD1EB64E240022D68A /* TrackService.swift */ = {isa = PBXFileReference; fileEncoding = 4; lastKnownFileType = sourcecode.swift; name = TrackService.swift; path = services/TrackService.swift; sourceTree = "<group>"; };
		0004D7D01EB650E00022D68A /* ConvertString.swift */ = {isa = PBXFileReference; fileEncoding = 4; lastKnownFileType = sourcecode.swift; name = ConvertString.swift; path = helpers/ConvertString.swift; sourceTree = "<group>"; };
		008A7F981EB625FC0082D3DB /* Belajar-iOS.app */ = {isa = PBXFileReference; explicitFileType = wrapper.application; includeInIndex = 0; path = "Belajar-iOS.app"; sourceTree = BUILT_PRODUCTS_DIR; };
		008A7F9B1EB625FC0082D3DB /* AppDelegate.swift */ = {isa = PBXFileReference; lastKnownFileType = sourcecode.swift; path = AppDelegate.swift; sourceTree = "<group>"; };
		008A7F9D1EB625FC0082D3DB /* ViewController.swift */ = {isa = PBXFileReference; lastKnownFileType = sourcecode.swift; path = ViewController.swift; sourceTree = "<group>"; };
		008A7FA01EB625FC0082D3DB /* Base */ = {isa = PBXFileReference; lastKnownFileType = file.storyboard; name = Base; path = Base.lproj/Main.storyboard; sourceTree = "<group>"; };
		008A7FA31EB625FC0082D3DB /* Belajar_iOS.xcdatamodel */ = {isa = PBXFileReference; lastKnownFileType = wrapper.xcdatamodel; path = Belajar_iOS.xcdatamodel; sourceTree = "<group>"; };
		008A7FA51EB625FC0082D3DB /* Assets.xcassets */ = {isa = PBXFileReference; lastKnownFileType = folder.assetcatalog; path = Assets.xcassets; sourceTree = "<group>"; };
		008A7FA81EB625FC0082D3DB /* Base */ = {isa = PBXFileReference; lastKnownFileType = file.storyboard; name = Base; path = Base.lproj/LaunchScreen.storyboard; sourceTree = "<group>"; };
		008A7FAA1EB625FC0082D3DB /* Info.plist */ = {isa = PBXFileReference; lastKnownFileType = text.plist.xml; path = Info.plist; sourceTree = "<group>"; };
		008A7FAF1EB625FD0082D3DB /* Belajar-iOSTests.xctest */ = {isa = PBXFileReference; explicitFileType = wrapper.cfbundle; includeInIndex = 0; path = "Belajar-iOSTests.xctest"; sourceTree = BUILT_PRODUCTS_DIR; };
		008A7FB31EB625FD0082D3DB /* Belajar_iOSTests.swift */ = {isa = PBXFileReference; lastKnownFileType = sourcecode.swift; path = Belajar_iOSTests.swift; sourceTree = "<group>"; };
		008A7FB51EB625FD0082D3DB /* Info.plist */ = {isa = PBXFileReference; lastKnownFileType = text.plist.xml; path = Info.plist; sourceTree = "<group>"; };
		008A7FBA1EB625FD0082D3DB /* Belajar-iOSUITests.xctest */ = {isa = PBXFileReference; explicitFileType = wrapper.cfbundle; includeInIndex = 0; path = "Belajar-iOSUITests.xctest"; sourceTree = BUILT_PRODUCTS_DIR; };
		008A7FBE1EB625FD0082D3DB /* Belajar_iOSUITests.swift */ = {isa = PBXFileReference; lastKnownFileType = sourcecode.swift; path = Belajar_iOSUITests.swift; sourceTree = "<group>"; };
		008A7FC01EB625FD0082D3DB /* Info.plist */ = {isa = PBXFileReference; lastKnownFileType = text.plist.xml; path = Info.plist; sourceTree = "<group>"; };
		13E8C7DF207FA6B3E5476FCB /* Pods_Belajar_iOSTests.framework */ = {isa = PBXFileReference; explicitFileType = wrapper.framework; includeInIndex = 0; path = Pods_Belajar_iOSTests.framework; sourceTree = BUILT_PRODUCTS_DIR; };
		168024C80229019283C0782C /* Pods-Belajar-iOSTests.release.xcconfig */ = {isa = PBXFileReference; includeInIndex = 1; lastKnownFileType = text.xcconfig; name = "Pods-Belajar-iOSTests.release.xcconfig"; path = "Pods/Target Support Files/Pods-Belajar-iOSTests/Pods-Belajar-iOSTests.release.xcconfig"; sourceTree = "<group>"; };
		189035A2E9C4A648DE9A6361 /* Pods-Belajar-iOSUITests.release.xcconfig */ = {isa = PBXFileReference; includeInIndex = 1; lastKnownFileType = text.xcconfig; name = "Pods-Belajar-iOSUITests.release.xcconfig"; path = "Pods/Target Support Files/Pods-Belajar-iOSUITests/Pods-Belajar-iOSUITests.release.xcconfig"; sourceTree = "<group>"; };
		5ABECC0B82830ACDE9D8CE5C /* Pods-Belajar-iOSTests.debug.xcconfig */ = {isa = PBXFileReference; includeInIndex = 1; lastKnownFileType = text.xcconfig; name = "Pods-Belajar-iOSTests.debug.xcconfig"; path = "Pods/Target Support Files/Pods-Belajar-iOSTests/Pods-Belajar-iOSTests.debug.xcconfig"; sourceTree = "<group>"; };
		7055119C787BEE17930E666E /* Pods_Belajar_iOS.framework */ = {isa = PBXFileReference; explicitFileType = wrapper.framework; includeInIndex = 0; path = Pods_Belajar_iOS.framework; sourceTree = BUILT_PRODUCTS_DIR; };
		760B05827837B193F9C283B1 /* Pods-Belajar-iOS.release.xcconfig */ = {isa = PBXFileReference; includeInIndex = 1; lastKnownFileType = text.xcconfig; name = "Pods-Belajar-iOS.release.xcconfig"; path = "Pods/Target Support Files/Pods-Belajar-iOS/Pods-Belajar-iOS.release.xcconfig"; sourceTree = "<group>"; };
		886F339EEDE48E192E52F0B6 /* Pods_Belajar_iOSUITests.framework */ = {isa = PBXFileReference; explicitFileType = wrapper.framework; includeInIndex = 0; path = Pods_Belajar_iOSUITests.framework; sourceTree = BUILT_PRODUCTS_DIR; };
		9DDDB7BEACA3AE02D9CABF5C /* Pods-Belajar-iOS.debug.xcconfig */ = {isa = PBXFileReference; includeInIndex = 1; lastKnownFileType = text.xcconfig; name = "Pods-Belajar-iOS.debug.xcconfig"; path = "Pods/Target Support Files/Pods-Belajar-iOS/Pods-Belajar-iOS.debug.xcconfig"; sourceTree = "<group>"; };
		BAA21BB7249179A7F2B38D38 /* Pods-Belajar-iOSUITests.debug.xcconfig */ = {isa = PBXFileReference; includeInIndex = 1; lastKnownFileType = text.xcconfig; name = "Pods-Belajar-iOSUITests.debug.xcconfig"; path = "Pods/Target Support Files/Pods-Belajar-iOSUITests/Pods-Belajar-iOSUITests.debug.xcconfig"; sourceTree = "<group>"; };
/* End PBXFileReference section */

/* Begin PBXFrameworksBuildPhase section */
		008A7F951EB625FC0082D3DB /* Frameworks */ = {
			isa = PBXFrameworksBuildPhase;
			buildActionMask = 2147483647;
			files = (
				5FCC7965F4552A500B079092 /* Pods_Belajar_iOS.framework in Frameworks */,
			);
			runOnlyForDeploymentPostprocessing = 0;
		};
		008A7FAC1EB625FD0082D3DB /* Frameworks */ = {
			isa = PBXFrameworksBuildPhase;
			buildActionMask = 2147483647;
			files = (
				7411A42D4ABB94E9890DE339 /* Pods_Belajar_iOSTests.framework in Frameworks */,
			);
			runOnlyForDeploymentPostprocessing = 0;
		};
		008A7FB71EB625FD0082D3DB /* Frameworks */ = {
			isa = PBXFrameworksBuildPhase;
			buildActionMask = 2147483647;
			files = (
				985E4EFB082D3DD3C8ACDFDA /* Pods_Belajar_iOSUITests.framework in Frameworks */,
			);
			runOnlyForDeploymentPostprocessing = 0;
		};
/* End PBXFrameworksBuildPhase section */

/* Begin PBXGroup section */
		0004D7851EB62A340022D68A /* models */ = {
			isa = PBXGroup;
			children = (
				0004D7861EB62A4E0022D68A /* TrackResponse.swift */,
			);
			name = models;
			sourceTree = "<group>";
		};
		0004D7C71EB63C320022D68A /* views */ = {
			isa = PBXGroup;
			children = (
				0004D7C81EB63D3E0022D68A /* TrackTableViewCell.swift */,
				0004D7C91EB63D3E0022D68A /* TrackTableViewCell.xib */,
			);
			name = views;
			sourceTree = "<group>";
		};
		0004D7CC1EB64E0C0022D68A /* services */ = {
			isa = PBXGroup;
			children = (
				0004D7CD1EB64E240022D68A /* TrackService.swift */,
			);
			name = services;
			sourceTree = "<group>";
		};
		0004D7CF1EB650D00022D68A /* helpers */ = {
			isa = PBXGroup;
			children = (
				0004D7D01EB650E00022D68A /* ConvertString.swift */,
			);
			name = helpers;
			sourceTree = "<group>";
		};
		008A7F8F1EB625FC0082D3DB = {
			isa = PBXGroup;
			children = (
				008A7F9A1EB625FC0082D3DB /* Belajar-iOS */,
				008A7FB21EB625FD0082D3DB /* Belajar-iOSTests */,
				008A7FBD1EB625FD0082D3DB /* Belajar-iOSUITests */,
				008A7F991EB625FC0082D3DB /* Products */,
				388DDF0A589DF7B101789EB8 /* Pods */,
				BE025C146452D23288FB99B4 /* Frameworks */,
			);
			sourceTree = "<group>";
		};
		008A7F991EB625FC0082D3DB /* Products */ = {
			isa = PBXGroup;
			children = (
				008A7F981EB625FC0082D3DB /* Belajar-iOS.app */,
				008A7FAF1EB625FD0082D3DB /* Belajar-iOSTests.xctest */,
				008A7FBA1EB625FD0082D3DB /* Belajar-iOSUITests.xctest */,
			);
			name = Products;
			sourceTree = "<group>";
		};
		008A7F9A1EB625FC0082D3DB /* Belajar-iOS */ = {
			isa = PBXGroup;
			children = (
				0004D7CF1EB650D00022D68A /* helpers */,
				0004D7CC1EB64E0C0022D68A /* services */,
				0004D7C71EB63C320022D68A /* views */,
				0004D7851EB62A340022D68A /* models */,
				008A7F9B1EB625FC0082D3DB /* AppDelegate.swift */,
				008A7F9D1EB625FC0082D3DB /* ViewController.swift */,
				008A7F9F1EB625FC0082D3DB /* Main.storyboard */,
				008A7FA51EB625FC0082D3DB /* Assets.xcassets */,
				008A7FA71EB625FC0082D3DB /* LaunchScreen.storyboard */,
				008A7FAA1EB625FC0082D3DB /* Info.plist */,
				008A7FA21EB625FC0082D3DB /* Belajar_iOS.xcdatamodeld */,
			);
			path = "Belajar-iOS";
			sourceTree = "<group>";
		};
		008A7FB21EB625FD0082D3DB /* Belajar-iOSTests */ = {
			isa = PBXGroup;
			children = (
				008A7FB31EB625FD0082D3DB /* Belajar_iOSTests.swift */,
				008A7FB51EB625FD0082D3DB /* Info.plist */,
			);
			path = "Belajar-iOSTests";
			sourceTree = "<group>";
		};
		008A7FBD1EB625FD0082D3DB /* Belajar-iOSUITests */ = {
			isa = PBXGroup;
			children = (
				008A7FBE1EB625FD0082D3DB /* Belajar_iOSUITests.swift */,
				008A7FC01EB625FD0082D3DB /* Info.plist */,
			);
			path = "Belajar-iOSUITests";
			sourceTree = "<group>";
		};
		388DDF0A589DF7B101789EB8 /* Pods */ = {
			isa = PBXGroup;
			children = (
				9DDDB7BEACA3AE02D9CABF5C /* Pods-Belajar-iOS.debug.xcconfig */,
				760B05827837B193F9C283B1 /* Pods-Belajar-iOS.release.xcconfig */,
				5ABECC0B82830ACDE9D8CE5C /* Pods-Belajar-iOSTests.debug.xcconfig */,
				168024C80229019283C0782C /* Pods-Belajar-iOSTests.release.xcconfig */,
				BAA21BB7249179A7F2B38D38 /* Pods-Belajar-iOSUITests.debug.xcconfig */,
				189035A2E9C4A648DE9A6361 /* Pods-Belajar-iOSUITests.release.xcconfig */,
			);
			name = Pods;
			sourceTree = "<group>";
		};
		BE025C146452D23288FB99B4 /* Frameworks */ = {
			isa = PBXGroup;
			children = (
				7055119C787BEE17930E666E /* Pods_Belajar_iOS.framework */,
				13E8C7DF207FA6B3E5476FCB /* Pods_Belajar_iOSTests.framework */,
				886F339EEDE48E192E52F0B6 /* Pods_Belajar_iOSUITests.framework */,
			);
			name = Frameworks;
			sourceTree = "<group>";
		};
/* End PBXGroup section */

/* Begin PBXNativeTarget section */
		008A7F971EB625FC0082D3DB /* Belajar-iOS */ = {
			isa = PBXNativeTarget;
			buildConfigurationList = 008A7FC31EB625FD0082D3DB /* Build configuration list for PBXNativeTarget "Belajar-iOS" */;
			buildPhases = (
				CF8C39A6803BCCAB19D6D27C /* [CP] Check Pods Manifest.lock */,
				008A7F941EB625FC0082D3DB /* Sources */,
				008A7F951EB625FC0082D3DB /* Frameworks */,
				008A7F961EB625FC0082D3DB /* Resources */,
				3A7170D07275953C7A8EDE51 /* [CP] Embed Pods Frameworks */,
				C5CCC26A9024FDC2CA87A47A /* [CP] Copy Pods Resources */,
			);
			buildRules = (
			);
			dependencies = (
			);
			name = "Belajar-iOS";
			productName = "Belajar-iOS";
			productReference = 008A7F981EB625FC0082D3DB /* Belajar-iOS.app */;
			productType = "com.apple.product-type.application";
		};
		008A7FAE1EB625FD0082D3DB /* Belajar-iOSTests */ = {
			isa = PBXNativeTarget;
			buildConfigurationList = 008A7FC61EB625FD0082D3DB /* Build configuration list for PBXNativeTarget "Belajar-iOSTests" */;
			buildPhases = (
				F36A00A91084B77B65A6A3DD /* [CP] Check Pods Manifest.lock */,
				008A7FAB1EB625FD0082D3DB /* Sources */,
				008A7FAC1EB625FD0082D3DB /* Frameworks */,
				008A7FAD1EB625FD0082D3DB /* Resources */,
				D9B2F1F6D32FB8BDF8E4DDC1 /* [CP] Embed Pods Frameworks */,
				333808978E716F2F681BF6D1 /* [CP] Copy Pods Resources */,
			);
			buildRules = (
			);
			dependencies = (
				008A7FB11EB625FD0082D3DB /* PBXTargetDependency */,
			);
			name = "Belajar-iOSTests";
			productName = "Belajar-iOSTests";
			productReference = 008A7FAF1EB625FD0082D3DB /* Belajar-iOSTests.xctest */;
			productType = "com.apple.product-type.bundle.unit-test";
		};
		008A7FB91EB625FD0082D3DB /* Belajar-iOSUITests */ = {
			isa = PBXNativeTarget;
			buildConfigurationList = 008A7FC91EB625FD0082D3DB /* Build configuration list for PBXNativeTarget "Belajar-iOSUITests" */;
			buildPhases = (
				680341315C11DE05B06AFC1B /* [CP] Check Pods Manifest.lock */,
				008A7FB61EB625FD0082D3DB /* Sources */,
				008A7FB71EB625FD0082D3DB /* Frameworks */,
				008A7FB81EB625FD0082D3DB /* Resources */,
				1E8F96CA8D727F2419F95F0C /* [CP] Embed Pods Frameworks */,
				6C46E8DF7416B7F98EB6BF7D /* [CP] Copy Pods Resources */,
			);
			buildRules = (
			);
			dependencies = (
				008A7FBC1EB625FD0082D3DB /* PBXTargetDependency */,
			);
			name = "Belajar-iOSUITests";
			productName = "Belajar-iOSUITests";
			productReference = 008A7FBA1EB625FD0082D3DB /* Belajar-iOSUITests.xctest */;
			productType = "com.apple.product-type.bundle.ui-testing";
		};
/* End PBXNativeTarget section */

/* Begin PBXProject section */
		008A7F901EB625FC0082D3DB /* Project object */ = {
			isa = PBXProject;
			attributes = {
				LastSwiftUpdateCheck = 0830;
				LastUpgradeCheck = 0830;
				ORGANIZATIONNAME = "rizki mufrizal";
				TargetAttributes = {
					008A7F971EB625FC0082D3DB = {
						CreatedOnToolsVersion = 8.3.2;
						DevelopmentTeam = LAJGT59W97;
						ProvisioningStyle = Automatic;
					};
					008A7FAE1EB625FD0082D3DB = {
						CreatedOnToolsVersion = 8.3.2;
						DevelopmentTeam = LAJGT59W97;
						ProvisioningStyle = Automatic;
						TestTargetID = 008A7F971EB625FC0082D3DB;
					};
					008A7FB91EB625FD0082D3DB = {
						CreatedOnToolsVersion = 8.3.2;
						DevelopmentTeam = LAJGT59W97;
						ProvisioningStyle = Automatic;
						TestTargetID = 008A7F971EB625FC0082D3DB;
					};
				};
			};
			buildConfigurationList = 008A7F931EB625FC0082D3DB /* Build configuration list for PBXProject "Belajar-iOS" */;
			compatibilityVersion = "Xcode 3.2";
			developmentRegion = English;
			hasScannedForEncodings = 0;
			knownRegions = (
				en,
				Base,
			);
			mainGroup = 008A7F8F1EB625FC0082D3DB;
			productRefGroup = 008A7F991EB625FC0082D3DB /* Products */;
			projectDirPath = "";
			projectRoot = "";
			targets = (
				008A7F971EB625FC0082D3DB /* Belajar-iOS */,
				008A7FAE1EB625FD0082D3DB /* Belajar-iOSTests */,
				008A7FB91EB625FD0082D3DB /* Belajar-iOSUITests */,
			);
		};
/* End PBXProject section */

/* Begin PBXResourcesBuildPhase section */
		008A7F961EB625FC0082D3DB /* Resources */ = {
			isa = PBXResourcesBuildPhase;
			buildActionMask = 2147483647;
			files = (
				008A7FA91EB625FC0082D3DB /* LaunchScreen.storyboard in Resources */,
				008A7FA61EB625FC0082D3DB /* Assets.xcassets in Resources */,
				008A7FA11EB625FC0082D3DB /* Main.storyboard in Resources */,
				0004D7CB1EB63D3E0022D68A /* TrackTableViewCell.xib in Resources */,
			);
			runOnlyForDeploymentPostprocessing = 0;
		};
		008A7FAD1EB625FD0082D3DB /* Resources */ = {
			isa = PBXResourcesBuildPhase;
			buildActionMask = 2147483647;
			files = (
			);
			runOnlyForDeploymentPostprocessing = 0;
		};
		008A7FB81EB625FD0082D3DB /* Resources */ = {
			isa = PBXResourcesBuildPhase;
			buildActionMask = 2147483647;
			files = (
			);
			runOnlyForDeploymentPostprocessing = 0;
		};
/* End PBXResourcesBuildPhase section */

/* Begin PBXShellScriptBuildPhase section */
		1E8F96CA8D727F2419F95F0C /* [CP] Embed Pods Frameworks */ = {
			isa = PBXShellScriptBuildPhase;
			buildActionMask = 2147483647;
			files = (
			);
			inputPaths = (
			);
			name = "[CP] Embed Pods Frameworks";
			outputPaths = (
			);
			runOnlyForDeploymentPostprocessing = 0;
			shellPath = /bin/sh;
			shellScript = "\"${SRCROOT}/Pods/Target Support Files/Pods-Belajar-iOSUITests/Pods-Belajar-iOSUITests-frameworks.sh\"\n";
			showEnvVarsInLog = 0;
		};
		333808978E716F2F681BF6D1 /* [CP] Copy Pods Resources */ = {
			isa = PBXShellScriptBuildPhase;
			buildActionMask = 2147483647;
			files = (
			);
			inputPaths = (
			);
			name = "[CP] Copy Pods Resources";
			outputPaths = (
			);
			runOnlyForDeploymentPostprocessing = 0;
			shellPath = /bin/sh;
			shellScript = "\"${SRCROOT}/Pods/Target Support Files/Pods-Belajar-iOSTests/Pods-Belajar-iOSTests-resources.sh\"\n";
			showEnvVarsInLog = 0;
		};
		3A7170D07275953C7A8EDE51 /* [CP] Embed Pods Frameworks */ = {
			isa = PBXShellScriptBuildPhase;
			buildActionMask = 2147483647;
			files = (
			);
			inputPaths = (
			);
			name = "[CP] Embed Pods Frameworks";
			outputPaths = (
			);
			runOnlyForDeploymentPostprocessing = 0;
			shellPath = /bin/sh;
			shellScript = "\"${SRCROOT}/Pods/Target Support Files/Pods-Belajar-iOS/Pods-Belajar-iOS-frameworks.sh\"\n";
			showEnvVarsInLog = 0;
		};
		680341315C11DE05B06AFC1B /* [CP] Check Pods Manifest.lock */ = {
			isa = PBXShellScriptBuildPhase;
			buildActionMask = 2147483647;
			files = (
			);
			inputPaths = (
			);
			name = "[CP] Check Pods Manifest.lock";
			outputPaths = (
			);
			runOnlyForDeploymentPostprocessing = 0;
			shellPath = /bin/sh;
			shellScript = "diff \"${PODS_PODFILE_DIR_PATH}/Podfile.lock\" \"${PODS_ROOT}/Manifest.lock\" > /dev/null\nif [ $? != 0 ] ; then\n    # print error to STDERR\n    echo \"error: The sandbox is not in sync with the Podfile.lock. Run 'pod install' or update your CocoaPods installation.\" >&2\n    exit 1\nfi\n";
			showEnvVarsInLog = 0;
		};
		6C46E8DF7416B7F98EB6BF7D /* [CP] Copy Pods Resources */ = {
			isa = PBXShellScriptBuildPhase;
			buildActionMask = 2147483647;
			files = (
			);
			inputPaths = (
			);
			name = "[CP] Copy Pods Resources";
			outputPaths = (
			);
			runOnlyForDeploymentPostprocessing = 0;
			shellPath = /bin/sh;
			shellScript = "\"${SRCROOT}/Pods/Target Support Files/Pods-Belajar-iOSUITests/Pods-Belajar-iOSUITests-resources.sh\"\n";
			showEnvVarsInLog = 0;
		};
		C5CCC26A9024FDC2CA87A47A /* [CP] Copy Pods Resources */ = {
			isa = PBXShellScriptBuildPhase;
			buildActionMask = 2147483647;
			files = (
			);
			inputPaths = (
			);
			name = "[CP] Copy Pods Resources";
			outputPaths = (
			);
			runOnlyForDeploymentPostprocessing = 0;
			shellPath = /bin/sh;
			shellScript = "\"${SRCROOT}/Pods/Target Support Files/Pods-Belajar-iOS/Pods-Belajar-iOS-resources.sh\"\n";
			showEnvVarsInLog = 0;
		};
		CF8C39A6803BCCAB19D6D27C /* [CP] Check Pods Manifest.lock */ = {
			isa = PBXShellScriptBuildPhase;
			buildActionMask = 2147483647;
			files = (
			);
			inputPaths = (
			);
			name = "[CP] Check Pods Manifest.lock";
			outputPaths = (
			);
			runOnlyForDeploymentPostprocessing = 0;
			shellPath = /bin/sh;
			shellScript = "diff \"${PODS_PODFILE_DIR_PATH}/Podfile.lock\" \"${PODS_ROOT}/Manifest.lock\" > /dev/null\nif [ $? != 0 ] ; then\n    # print error to STDERR\n    echo \"error: The sandbox is not in sync with the Podfile.lock. Run 'pod install' or update your CocoaPods installation.\" >&2\n    exit 1\nfi\n";
			showEnvVarsInLog = 0;
		};
		D9B2F1F6D32FB8BDF8E4DDC1 /* [CP] Embed Pods Frameworks */ = {
			isa = PBXShellScriptBuildPhase;
			buildActionMask = 2147483647;
			files = (
			);
			inputPaths = (
			);
			name = "[CP] Embed Pods Frameworks";
			outputPaths = (
			);
			runOnlyForDeploymentPostprocessing = 0;
			shellPath = /bin/sh;
			shellScript = "\"${SRCROOT}/Pods/Target Support Files/Pods-Belajar-iOSTests/Pods-Belajar-iOSTests-frameworks.sh\"\n";
			showEnvVarsInLog = 0;
		};
		F36A00A91084B77B65A6A3DD /* [CP] Check Pods Manifest.lock */ = {
			isa = PBXShellScriptBuildPhase;
			buildActionMask = 2147483647;
			files = (
			);
			inputPaths = (
			);
			name = "[CP] Check Pods Manifest.lock";
			outputPaths = (
			);
			runOnlyForDeploymentPostprocessing = 0;
			shellPath = /bin/sh;
			shellScript = "diff \"${PODS_PODFILE_DIR_PATH}/Podfile.lock\" \"${PODS_ROOT}/Manifest.lock\" > /dev/null\nif [ $? != 0 ] ; then\n    # print error to STDERR\n    echo \"error: The sandbox is not in sync with the Podfile.lock. Run 'pod install' or update your CocoaPods installation.\" >&2\n    exit 1\nfi\n";
			showEnvVarsInLog = 0;
		};
/* End PBXShellScriptBuildPhase section */

/* Begin PBXSourcesBuildPhase section */
		008A7F941EB625FC0082D3DB /* Sources */ = {
			isa = PBXSourcesBuildPhase;
			buildActionMask = 2147483647;
			files = (
				0004D7D11EB650E00022D68A /* ConvertString.swift in Sources */,
				0004D7CA1EB63D3E0022D68A /* TrackTableViewCell.swift in Sources */,
				008A7FA41EB625FC0082D3DB /* Belajar_iOS.xcdatamodeld in Sources */,
				008A7F9E1EB625FC0082D3DB /* ViewController.swift in Sources */,
				0004D7CE1EB64E240022D68A /* TrackService.swift in Sources */,
				0004D7871EB62A4E0022D68A /* TrackResponse.swift in Sources */,
				008A7F9C1EB625FC0082D3DB /* AppDelegate.swift in Sources */,
			);
			runOnlyForDeploymentPostprocessing = 0;
		};
		008A7FAB1EB625FD0082D3DB /* Sources */ = {
			isa = PBXSourcesBuildPhase;
			buildActionMask = 2147483647;
			files = (
				008A7FB41EB625FD0082D3DB /* Belajar_iOSTests.swift in Sources */,
			);
			runOnlyForDeploymentPostprocessing = 0;
		};
		008A7FB61EB625FD0082D3DB /* Sources */ = {
			isa = PBXSourcesBuildPhase;
			buildActionMask = 2147483647;
			files = (
				008A7FBF1EB625FD0082D3DB /* Belajar_iOSUITests.swift in Sources */,
			);
			runOnlyForDeploymentPostprocessing = 0;
		};
/* End PBXSourcesBuildPhase section */

/* Begin PBXTargetDependency section */
		008A7FB11EB625FD0082D3DB /* PBXTargetDependency */ = {
			isa = PBXTargetDependency;
			target = 008A7F971EB625FC0082D3DB /* Belajar-iOS */;
			targetProxy = 008A7FB01EB625FD0082D3DB /* PBXContainerItemProxy */;
		};
		008A7FBC1EB625FD0082D3DB /* PBXTargetDependency */ = {
			isa = PBXTargetDependency;
			target = 008A7F971EB625FC0082D3DB /* Belajar-iOS */;
			targetProxy = 008A7FBB1EB625FD0082D3DB /* PBXContainerItemProxy */;
		};
/* End PBXTargetDependency section */

/* Begin PBXVariantGroup section */
		008A7F9F1EB625FC0082D3DB /* Main.storyboard */ = {
			isa = PBXVariantGroup;
			children = (
				008A7FA01EB625FC0082D3DB /* Base */,
			);
			name = Main.storyboard;
			sourceTree = "<group>";
		};
		008A7FA71EB625FC0082D3DB /* LaunchScreen.storyboard */ = {
			isa = PBXVariantGroup;
			children = (
				008A7FA81EB625FC0082D3DB /* Base */,
			);
			name = LaunchScreen.storyboard;
			sourceTree = "<group>";
		};
/* End PBXVariantGroup section */

/* Begin XCBuildConfiguration section */
		008A7FC11EB625FD0082D3DB /* Debug */ = {
			isa = XCBuildConfiguration;
			buildSettings = {
				ALWAYS_SEARCH_USER_PATHS = NO;
				CLANG_ANALYZER_NONNULL = YES;
				CLANG_ANALYZER_NUMBER_OBJECT_CONVERSION = YES_AGGRESSIVE;
				CLANG_CXX_LANGUAGE_STANDARD = "gnu++0x";
				CLANG_CXX_LIBRARY = "libc++";
				CLANG_ENABLE_MODULES = YES;
				CLANG_ENABLE_OBJC_ARC = YES;
				CLANG_WARN_BOOL_CONVERSION = YES;
				CLANG_WARN_CONSTANT_CONVERSION = YES;
				CLANG_WARN_DIRECT_OBJC_ISA_USAGE = YES_ERROR;
				CLANG_WARN_DOCUMENTATION_COMMENTS = YES;
				CLANG_WARN_EMPTY_BODY = YES;
				CLANG_WARN_ENUM_CONVERSION = YES;
				CLANG_WARN_INFINITE_RECURSION = YES;
				CLANG_WARN_INT_CONVERSION = YES;
				CLANG_WARN_OBJC_ROOT_CLASS = YES_ERROR;
				CLANG_WARN_SUSPICIOUS_MOVE = YES;
				CLANG_WARN_UNREACHABLE_CODE = YES;
				CLANG_WARN__DUPLICATE_METHOD_MATCH = YES;
				"CODE_SIGN_IDENTITY[sdk=iphoneos*]" = "iPhone Developer";
				COPY_PHASE_STRIP = NO;
				DEBUG_INFORMATION_FORMAT = dwarf;
				ENABLE_STRICT_OBJC_MSGSEND = YES;
				ENABLE_TESTABILITY = YES;
				GCC_C_LANGUAGE_STANDARD = gnu99;
				GCC_DYNAMIC_NO_PIC = NO;
				GCC_NO_COMMON_BLOCKS = YES;
				GCC_OPTIMIZATION_LEVEL = 0;
				GCC_PREPROCESSOR_DEFINITIONS = (
					"DEBUG=1",
					"$(inherited)",
				);
				GCC_WARN_64_TO_32_BIT_CONVERSION = YES;
				GCC_WARN_ABOUT_RETURN_TYPE = YES_ERROR;
				GCC_WARN_UNDECLARED_SELECTOR = YES;
				GCC_WARN_UNINITIALIZED_AUTOS = YES_AGGRESSIVE;
				GCC_WARN_UNUSED_FUNCTION = YES;
				GCC_WARN_UNUSED_VARIABLE = YES;
				IPHONEOS_DEPLOYMENT_TARGET = 10.3;
				MTL_ENABLE_DEBUG_INFO = YES;
				ONLY_ACTIVE_ARCH = YES;
				SDKROOT = iphoneos;
				SWIFT_ACTIVE_COMPILATION_CONDITIONS = DEBUG;
				SWIFT_OPTIMIZATION_LEVEL = "-Onone";
				TARGETED_DEVICE_FAMILY = "1,2";
			};
			name = Debug;
		};
		008A7FC21EB625FD0082D3DB /* Release */ = {
			isa = XCBuildConfiguration;
			buildSettings = {
				ALWAYS_SEARCH_USER_PATHS = NO;
				CLANG_ANALYZER_NONNULL = YES;
				CLANG_ANALYZER_NUMBER_OBJECT_CONVERSION = YES_AGGRESSIVE;
				CLANG_CXX_LANGUAGE_STANDARD = "gnu++0x";
				CLANG_CXX_LIBRARY = "libc++";
				CLANG_ENABLE_MODULES = YES;
				CLANG_ENABLE_OBJC_ARC = YES;
				CLANG_WARN_BOOL_CONVERSION = YES;
				CLANG_WARN_CONSTANT_CONVERSION = YES;
				CLANG_WARN_DIRECT_OBJC_ISA_USAGE = YES_ERROR;
				CLANG_WARN_DOCUMENTATION_COMMENTS = YES;
				CLANG_WARN_EMPTY_BODY = YES;
				CLANG_WARN_ENUM_CONVERSION = YES;
				CLANG_WARN_INFINITE_RECURSION = YES;
				CLANG_WARN_INT_CONVERSION = YES;
				CLANG_WARN_OBJC_ROOT_CLASS = YES_ERROR;
				CLANG_WARN_SUSPICIOUS_MOVE = YES;
				CLANG_WARN_UNREACHABLE_CODE = YES;
				CLANG_WARN__DUPLICATE_METHOD_MATCH = YES;
				"CODE_SIGN_IDENTITY[sdk=iphoneos*]" = "iPhone Developer";
				COPY_PHASE_STRIP = NO;
				DEBUG_INFORMATION_FORMAT = "dwarf-with-dsym";
				ENABLE_NS_ASSERTIONS = NO;
				ENABLE_STRICT_OBJC_MSGSEND = YES;
				GCC_C_LANGUAGE_STANDARD = gnu99;
				GCC_NO_COMMON_BLOCKS = YES;
				GCC_WARN_64_TO_32_BIT_CONVERSION = YES;
				GCC_WARN_ABOUT_RETURN_TYPE = YES_ERROR;
				GCC_WARN_UNDECLARED_SELECTOR = YES;
				GCC_WARN_UNINITIALIZED_AUTOS = YES_AGGRESSIVE;
				GCC_WARN_UNUSED_FUNCTION = YES;
				GCC_WARN_UNUSED_VARIABLE = YES;
				IPHONEOS_DEPLOYMENT_TARGET = 10.3;
				MTL_ENABLE_DEBUG_INFO = NO;
				SDKROOT = iphoneos;
				SWIFT_OPTIMIZATION_LEVEL = "-Owholemodule";
				TARGETED_DEVICE_FAMILY = "1,2";
				VALIDATE_PRODUCT = YES;
			};
			name = Release;
		};
		008A7FC41EB625FD0082D3DB /* Debug */ = {
			isa = XCBuildConfiguration;
			baseConfigurationReference = 9DDDB7BEACA3AE02D9CABF5C /* Pods-Belajar-iOS.debug.xcconfig */;
			buildSettings = {
				ASSETCATALOG_COMPILER_APPICON_NAME = AppIcon;
				DEVELOPMENT_TEAM = LAJGT59W97;
				INFOPLIST_FILE = "Belajar-iOS/Info.plist";
				IPHONEOS_DEPLOYMENT_TARGET = 10.0;
				LD_RUNPATH_SEARCH_PATHS = "$(inherited) @executable_path/Frameworks";
				PRODUCT_BUNDLE_IDENTIFIER = "com.rizki.mufrizal.Belajar-iOS";
				PRODUCT_NAME = "$(TARGET_NAME)";
				SWIFT_VERSION = 3.0;
			};
			name = Debug;
		};
		008A7FC51EB625FD0082D3DB /* Release */ = {
			isa = XCBuildConfiguration;
			baseConfigurationReference = 760B05827837B193F9C283B1 /* Pods-Belajar-iOS.release.xcconfig */;
			buildSettings = {
				ASSETCATALOG_COMPILER_APPICON_NAME = AppIcon;
				DEVELOPMENT_TEAM = LAJGT59W97;
				INFOPLIST_FILE = "Belajar-iOS/Info.plist";
				IPHONEOS_DEPLOYMENT_TARGET = 10.0;
				LD_RUNPATH_SEARCH_PATHS = "$(inherited) @executable_path/Frameworks";
				PRODUCT_BUNDLE_IDENTIFIER = "com.rizki.mufrizal.Belajar-iOS";
				PRODUCT_NAME = "$(TARGET_NAME)";
				SWIFT_VERSION = 3.0;
			};
			name = Release;
		};
		008A7FC71EB625FD0082D3DB /* Debug */ = {
			isa = XCBuildConfiguration;
			baseConfigurationReference = 5ABECC0B82830ACDE9D8CE5C /* Pods-Belajar-iOSTests.debug.xcconfig */;
			buildSettings = {
				ALWAYS_EMBED_SWIFT_STANDARD_LIBRARIES = YES;
				BUNDLE_LOADER = "$(TEST_HOST)";
				DEVELOPMENT_TEAM = LAJGT59W97;
				INFOPLIST_FILE = "Belajar-iOSTests/Info.plist";
				LD_RUNPATH_SEARCH_PATHS = "$(inherited) @executable_path/Frameworks @loader_path/Frameworks";
				PRODUCT_BUNDLE_IDENTIFIER = "com.rizki.mufrizal.Belajar-iOSTests";
				PRODUCT_NAME = "$(TARGET_NAME)";
				SWIFT_VERSION = 3.0;
				TEST_HOST = "$(BUILT_PRODUCTS_DIR)/Belajar-iOS.app/Belajar-iOS";
			};
			name = Debug;
		};
		008A7FC81EB625FD0082D3DB /* Release */ = {
			isa = XCBuildConfiguration;
			baseConfigurationReference = 168024C80229019283C0782C /* Pods-Belajar-iOSTests.release.xcconfig */;
			buildSettings = {
				ALWAYS_EMBED_SWIFT_STANDARD_LIBRARIES = YES;
				BUNDLE_LOADER = "$(TEST_HOST)";
				DEVELOPMENT_TEAM = LAJGT59W97;
				INFOPLIST_FILE = "Belajar-iOSTests/Info.plist";
				LD_RUNPATH_SEARCH_PATHS = "$(inherited) @executable_path/Frameworks @loader_path/Frameworks";
				PRODUCT_BUNDLE_IDENTIFIER = "com.rizki.mufrizal.Belajar-iOSTests";
				PRODUCT_NAME = "$(TARGET_NAME)";
				SWIFT_VERSION = 3.0;
				TEST_HOST = "$(BUILT_PRODUCTS_DIR)/Belajar-iOS.app/Belajar-iOS";
			};
			name = Release;
		};
		008A7FCA1EB625FD0082D3DB /* Debug */ = {
			isa = XCBuildConfiguration;
			baseConfigurationReference = BAA21BB7249179A7F2B38D38 /* Pods-Belajar-iOSUITests.debug.xcconfig */;
			buildSettings = {
				ALWAYS_EMBED_SWIFT_STANDARD_LIBRARIES = YES;
				DEVELOPMENT_TEAM = LAJGT59W97;
				INFOPLIST_FILE = "Belajar-iOSUITests/Info.plist";
				LD_RUNPATH_SEARCH_PATHS = "$(inherited) @executable_path/Frameworks @loader_path/Frameworks";
				PRODUCT_BUNDLE_IDENTIFIER = "com.rizki.mufrizal.Belajar-iOSUITests";
				PRODUCT_NAME = "$(TARGET_NAME)";
				SWIFT_VERSION = 3.0;
				TEST_TARGET_NAME = "Belajar-iOS";
			};
			name = Debug;
		};
		008A7FCB1EB625FD0082D3DB /* Release */ = {
			isa = XCBuildConfiguration;
			baseConfigurationReference = 189035A2E9C4A648DE9A6361 /* Pods-Belajar-iOSUITests.release.xcconfig */;
			buildSettings = {
				ALWAYS_EMBED_SWIFT_STANDARD_LIBRARIES = YES;
				DEVELOPMENT_TEAM = LAJGT59W97;
				INFOPLIST_FILE = "Belajar-iOSUITests/Info.plist";
				LD_RUNPATH_SEARCH_PATHS = "$(inherited) @executable_path/Frameworks @loader_path/Frameworks";
				PRODUCT_BUNDLE_IDENTIFIER = "com.rizki.mufrizal.Belajar-iOSUITests";
				PRODUCT_NAME = "$(TARGET_NAME)";
				SWIFT_VERSION = 3.0;
				TEST_TARGET_NAME = "Belajar-iOS";
			};
			name = Release;
		};
/* End XCBuildConfiguration section */

/* Begin XCConfigurationList section */
		008A7F931EB625FC0082D3DB /* Build configuration list for PBXProject "Belajar-iOS" */ = {
			isa = XCConfigurationList;
			buildConfigurations = (
				008A7FC11EB625FD0082D3DB /* Debug */,
				008A7FC21EB625FD0082D3DB /* Release */,
			);
			defaultConfigurationIsVisible = 0;
			defaultConfigurationName = Release;
		};
		008A7FC31EB625FD0082D3DB /* Build configuration list for PBXNativeTarget "Belajar-iOS" */ = {
			isa = XCConfigurationList;
			buildConfigurations = (
				008A7FC41EB625FD0082D3DB /* Debug */,
				008A7FC51EB625FD0082D3DB /* Release */,
			);
			defaultConfigurationIsVisible = 0;
			defaultConfigurationName = Release;
		};
		008A7FC61EB625FD0082D3DB /* Build configuration list for PBXNativeTarget "Belajar-iOSTests" */ = {
			isa = XCConfigurationList;
			buildConfigurations = (
				008A7FC71EB625FD0082D3DB /* Debug */,
				008A7FC81EB625FD0082D3DB /* Release */,
			);
			defaultConfigurationIsVisible = 0;
			defaultConfigurationName = Release;
		};
		008A7FC91EB625FD0082D3DB /* Build configuration list for PBXNativeTarget "Belajar-iOSUITests" */ = {
			isa = XCConfigurationList;
			buildConfigurations = (
				008A7FCA1EB625FD0082D3DB /* Debug */,
				008A7FCB1EB625FD0082D3DB /* Release */,
			);
			defaultConfigurationIsVisible = 0;
			defaultConfigurationName = Release;
		};
/* End XCConfigurationList section */

/* Begin XCVersionGroup section */
		008A7FA21EB625FC0082D3DB /* Belajar_iOS.xcdatamodeld */ = {
			isa = XCVersionGroup;
			children = (
				008A7FA31EB625FC0082D3DB /* Belajar_iOS.xcdatamodel */,
			);
			currentVersion = 008A7FA31EB625FC0082D3DB /* Belajar_iOS.xcdatamodel */;
			path = Belajar_iOS.xcdatamodeld;
			sourceTree = "<group>";
			versionGroupType = wrapper.xcdatamodel;
		};
/* End XCVersionGroup section */
	};
	rootObject = 008A7F901EB625FC0082D3DB /* Project object */;
}
